
Microsoft Visual Studio Solution File, Format Version 12.00
# Visual Studio Version 17
VisualStudioVersion = 17.13.35931.197
MinimumVisualStudioVersion = 10.0.40219.1
Project("{FAE04EC0-301F-11D3-BF4B-00C04F79EFBC}") = "VideoGameCatalogue.Web", "src\VideoGameCatalogue.Web\VideoGameCatalogue.Web.csproj", "{6921962B-45D3-4108-BBE7-2457FC067718}"
EndProject
Project("{FAE04EC0-301F-11D3-BF4B-00C04F79EFBC}") = "VideoGameCatalogue.Core", "src\VideoGameCatalogue.Core\VideoGameCatalogue.Core.csproj", "{8EF689A7-8FFE-4D0A-BAED-EC715BAEBBDA}"
EndProject
Project("{FAE04EC0-301F-11D3-BF4B-00C04F79EFBC}") = "VideoGameCatalogue.Web.Tests", "test\VideoGameCatalogue.Web.Tests\VideoGameCatalogue.Web.Tests.csproj", "{6188C5AC-88CA-449E-80CF-8F6A961AD49D}"
EndProject
Global
	GlobalSection(SolutionConfigurationPlatforms) = preSolution
		Debug|Any CPU = Debug|Any CPU
		Release|Any CPU = Release|Any CPU
	EndGlobalSection
	GlobalSection(ProjectConfigurationPlatforms) = postSolution
		{6921962B-45D3-4108-BBE7-2457FC067718}.Debug|Any CPU.ActiveCfg = Debug|Any CPU
		{6921962B-45D3-4108-BBE7-2457FC067718}.Debug|Any CPU.Build.0 = Debug|Any CPU
		{6921962B-45D3-4108-BBE7-2457FC067718}.Release|Any CPU.ActiveCfg = Release|Any CPU
		{6921962B-45D3-4108-BBE7-2457FC067718}.Release|Any CPU.Build.0 = Release|Any CPU
		{8EF689A7-8FFE-4D0A-BAED-EC715BAEBBDA}.Debug|Any CPU.ActiveCfg = Debug|Any CPU
		{8EF689A7-8FFE-4D0A-BAED-EC715BAEBBDA}.Debug|Any CPU.Build.0 = Debug|Any CPU
		{8EF689A7-8FFE-4D0A-BAED-EC715BAEBBDA}.Release|Any CPU.ActiveCfg = Release|Any CPU
		{8EF689A7-8FFE-4D0A-BAED-EC715BAEBBDA}.Release|Any CPU.Build.0 = Release|Any CPU
		{6188C5AC-88CA-449E-80CF-8F6A961AD49D}.Debug|Any CPU.ActiveCfg = Debug|Any CPU
		{6188C5AC-88CA-449E-80CF-8F6A961AD49D}.Debug|Any CPU.Build.0 = Debug|Any CPU
		{6188C5AC-88CA-449E-80CF-8F6A961AD49D}.Release|Any CPU.ActiveCfg = Release|Any CPU
		{6188C5AC-88CA-449E-80CF-8F6A961AD49D}.Release|Any CPU.Build.0 = Release|Any CPU
	EndGlobalSection
	GlobalSection(SolutionProperties) = preSolution
		HideSolutionNode = FALSE
	EndGlobalSection
	GlobalSection(ExtensibilityGlobals) = postSolution
		SolutionGuid = {A988069C-C8C0-43E0-B052-FCCA4177374E}
	EndGlobalSection
EndGlobal
